// !$*UTF8*$!
{
	archiveVersion = 1;
	classes = {
	};
	objectVersion = 56;
	objects = {

/* Begin PBXBuildFile section */
		D363D61A29300AED000DA0DD /* Final_module_2App.swift in Sources */ = {isa = PBXBuildFile; fileRef = D363D61929300AED000DA0DD /* Final_module_2App.swift */; };
		D363D61C29300AED000DA0DD /* ContentView.swift in Sources */ = {isa = PBXBuildFile; fileRef = D363D61B29300AED000DA0DD /* ContentView.swift */; };
		D363D61E29300AEE000DA0DD /* Assets.xcassets in Resources */ = {isa = PBXBuildFile; fileRef = D363D61D29300AEE000DA0DD /* Assets.xcassets */; };
		D363D62129300AEE000DA0DD /* Preview Assets.xcassets in Resources */ = {isa = PBXBuildFile; fileRef = D363D62029300AEE000DA0DD /* Preview Assets.xcassets */; };
		D363D62C29300B55000DA0DD /* data.json in Resources */ = {isa = PBXBuildFile; fileRef = D363D62B29300B55000DA0DD /* data.json */; };
		D363D62E29300D5E000DA0DD /* quote.swift in Sources */ = {isa = PBXBuildFile; fileRef = D363D62D29300D5E000DA0DD /* quote.swift */; };
		D363D63029300E5A000DA0DD /* quoteModel.swift in Sources */ = {isa = PBXBuildFile; fileRef = D363D62F29300E5A000DA0DD /* quoteModel.swift */; };
		D363D63429302790000DA0DD /* Card.swift in Sources */ = {isa = PBXBuildFile; fileRef = D363D63329302790000DA0DD /* Card.swift */; };
		D3CF44202931396100642B8F /* DetailedInformation.swift in Sources */ = {isa = PBXBuildFile; fileRef = D3CF441F2931396100642B8F /* DetailedInformation.swift */; };
/* End PBXBuildFile section */

/* Begin PBXFileReference section */
		D363D61629300AED000DA0DD /* Final module 2.app */ = {isa = PBXFileReference; explicitFileType = wrapper.application; includeInIndex = 0; path = "Final module 2.app"; sourceTree = BUILT_PRODUCTS_DIR; };
		D363D61929300AED000DA0DD /* Final_module_2App.swift */ = {isa = PBXFileReference; lastKnownFileType = sourcecode.swift; path = Final_module_2App.swift; sourceTree = "<group>"; };
		D363D61B29300AED000DA0DD /* ContentView.swift */ = {isa = PBXFileReference; lastKnownFileType = sourcecode.swift; path = ContentView.swift; sourceTree = "<group>"; };
		D363D61D29300AEE000DA0DD /* Assets.xcassets */ = {isa = PBXFileReference; lastKnownFileType = folder.assetcatalog; path = Assets.xcassets; sourceTree = "<group>"; };
		D363D62029300AEE000DA0DD /* Preview Assets.xcassets */ = {isa = PBXFileReference; lastKnownFileType = folder.assetcatalog; path = "Preview Assets.xcassets"; sourceTree = "<group>"; };
		D363D62B29300B55000DA0DD /* data.json */ = {isa = PBXFileReference; lastKnownFileType = text.json; path = data.json; sourceTree = "<group>"; };
		D363D62D29300D5E000DA0DD /* quote.swift */ = {isa = PBXFileReference; lastKnownFileType = sourcecode.swift; path = quote.swift; sourceTree = "<group>"; };
		D363D62F29300E5A000DA0DD /* quoteModel.swift */ = {isa = PBXFileReference; lastKnownFileType = sourcecode.swift; path = quoteModel.swift; sourceTree = "<group>"; };
		D363D63329302790000DA0DD /* Card.swift */ = {isa = PBXFileReference; lastKnownFileType = sourcecode.swift; path = Card.swift; sourceTree = "<group>"; };
		D3CF441F2931396100642B8F /* DetailedInformation.swift */ = {isa = PBXFileReference; lastKnownFileType = sourcecode.swift; path = DetailedInformation.swift; sourceTree = "<group>"; };
/* End PBXFileReference section */

/* Begin PBXFrameworksBuildPhase section */
		D363D61329300AED000DA0DD /* Frameworks */ = {
			isa = PBXFrameworksBuildPhase;
			buildActionMask = 2147483647;
			files = (
			);
			runOnlyForDeploymentPostprocessing = 0;
		};
/* End PBXFrameworksBuildPhase section */

/* Begin PBXGroup section */
		D363D60D29300AED000DA0DD = {
			isa = PBXGroup;
			children = (
				D363D61829300AED000DA0DD /* Final module 2 */,
				D363D61729300AED000DA0DD /* Products */,
			);
			sourceTree = "<group>";
		};
		D363D61729300AED000DA0DD /* Products */ = {
			isa = PBXGroup;
			children = (
				D363D61629300AED000DA0DD /* Final module 2.app */,
			);
			name = Products;
			sourceTree = "<group>";
		};
		D363D61829300AED000DA0DD /* Final module 2 */ = {
			isa = PBXGroup;
			children = (
				D363D62A29300B37000DA0DD /* Data */,
				D363D62829300B00000DA0DD /* ViewModel */,
				D363D62729300AF8000DA0DD /* model */,
				D363D62929300B07000DA0DD /* View */,
				D363D61929300AED000DA0DD /* Final_module_2App.swift */,
				D363D61D29300AEE000DA0DD /* Assets.xcassets */,
				D363D61F29300AEE000DA0DD /* Preview Content */,
			);
			path = "Final module 2";
			sourceTree = "<group>";
		};
		D363D61F29300AEE000DA0DD /* Preview Content */ = {
			isa = PBXGroup;
			children = (
				D363D62029300AEE000DA0DD /* Preview Assets.xcassets */,
			);
			path = "Preview Content";
			sourceTree = "<group>";
		};
		D363D62729300AF8000DA0DD /* model */ = {
			isa = PBXGroup;
			children = (
				D363D62D29300D5E000DA0DD /* quote.swift */,
			);
			path = model;
			sourceTree = "<group>";
		};
		D363D62829300B00000DA0DD /* ViewModel */ = {
			isa = PBXGroup;
			children = (
				D363D62F29300E5A000DA0DD /* quoteModel.swift */,
			);
			path = ViewModel;
			sourceTree = "<group>";
		};
		D363D62929300B07000DA0DD /* View */ = {
			isa = PBXGroup;
			children = (
				D363D61B29300AED000DA0DD /* ContentView.swift */,
				D363D63329302790000DA0DD /* Card.swift */,
				D3CF441F2931396100642B8F /* DetailedInformation.swift */,
			);
			path = View;
			sourceTree = "<group>";
		};
		D363D62A29300B37000DA0DD /* Data */ = {
			isa = PBXGroup;
			children = (
				D363D62B29300B55000DA0DD /* data.json */,
			);
			path = Data;
			sourceTree = "<group>";
		};
/* End PBXGroup section */

/* Begin PBXNativeTarget section */
		D363D61529300AED000DA0DD /* Final module 2 */ = {
			isa = PBXNativeTarget;
			buildConfigurationList = D363D62429300AEE000DA0DD /* Build configuration list for PBXNativeTarget "Final module 2" */;
			buildPhases = (
				D363D61229300AED000DA0DD /* Sources */,
				D363D61329300AED000DA0DD /* Frameworks */,
				D363D61429300AED000DA0DD /* Resources */,
			);
			buildRules = (
			);
			dependencies = (
			);
			name = "Final module 2";
			productName = "Final module 2";
			productReference = D363D61629300AED000DA0DD /* Final module 2.app */;
			productType = "com.apple.product-type.application";
		};
/* End PBXNativeTarget section */

/* Begin PBXProject section */
		D363D60E29300AED000DA0DD /* Project object */ = {
			isa = PBXProject;
			attributes = {
				BuildIndependentTargetsInParallel = 1;
				LastSwiftUpdateCheck = 1410;
				LastUpgradeCheck = 1410;
				TargetAttributes = {
					D363D61529300AED000DA0DD = {
						CreatedOnToolsVersion = 14.1;
					};
				};
			};
			buildConfigurationList = D363D61129300AED000DA0DD /* Build configuration list for PBXProject "Final module 2" */;
			compatibilityVersion = "Xcode 14.0";
			developmentRegion = en;
			hasScannedForEncodings = 0;
			knownRegions = (
				en,
				Base,
			);
			mainGroup = D363D60D29300AED000DA0DD;
			productRefGroup = D363D61729300AED000DA0DD /* Products */;
			projectDirPath = "";
			projectRoot = "";
			targets = (
				D363D61529300AED000DA0DD /* Final module 2 */,
			);
		};
/* End PBXProject section */

/* Begin PBXResourcesBuildPhase section */
		D363D61429300AED000DA0DD /* Resources */ = {
			isa = PBXResourcesBuildPhase;
			buildActionMask = 2147483647;
			files = (
				D363D62129300AEE000DA0DD /* Preview Assets.xcassets in Resources */,
				D363D62C29300B55000DA0DD /* data.json in Resources */,
				D363D61E29300AEE000DA0DD /* Assets.xcassets in Resources */,
			);
			runOnlyForDeploymentPostprocessing = 0;
		};
/* End PBXResourcesBuildPhase section */

/* Begin PBXSourcesBuildPhase section */
		D363D61229300AED000DA0DD /* Sources */ = {
			isa = PBXSourcesBuildPhase;
			buildActionMask = 2147483647;
			files = (
				D363D61C29300AED000DA0DD /* ContentView.swift in Sources */,
				D363D61A29300AED000DA0DD /* Final_module_2App.swift in Sources */,
				D363D63429302790000DA0DD /* Card.swift in Sources */,
				D363D63029300E5A000DA0DD /* quoteModel.swift in Sources */,
				D3CF44202931396100642B8F /* DetailedInformation.swift in Sources */,
				D363D62E29300D5E000DA0DD /* quote.swift in Sources */,
			);
			runOnlyForDeploymentPostprocessing = 0;
		};
/* End PBXSourcesBuildPhase section */

/* Begin XCBuildConfiguration section */
		D363D62229300AEE000DA0DD /* Debug */ = {
			isa = XCBuildConfiguration;
			buildSettings = {
				ALWAYS_SEARCH_USER_PATHS = NO;
				CLANG_ANALYZER_NONNULL = YES;
				CLANG_ANALYZER_NUMBER_OBJECT_CONVERSION = YES_AGGRESSIVE;
				CLANG_CXX_LANGUAGE_STANDARD = "gnu++20";
				CLANG_ENABLE_MODULES = YES;
				CLANG_ENABLE_OBJC_ARC = YES;
				CLANG_ENABLE_OBJC_WEAK = YES;
				CLANG_WARN_BLOCK_CAPTURE_AUTORELEASING = YES;
				CLANG_WARN_BOOL_CONVERSION = YES;
				CLANG_WARN_COMMA = YES;
				CLANG_WARN_CONSTANT_CONVERSION = YES;
				CLANG_WARN_DEPRECATED_OBJC_IMPLEMENTATIONS = YES;
				CLANG_WARN_DIRECT_OBJC_ISA_USAGE = YES_ERROR;
				CLANG_WARN_DOCUMENTATION_COMMENTS = YES;
				CLANG_WARN_EMPTY_BODY = YES;
				CLANG_WARN_ENUM_CONVERSION = YES;
				CLANG_WARN_INFINITE_RECURSION = YES;
				CLANG_WARN_INT_CONVERSION = YES;
				CLANG_WARN_NON_LITERAL_NULL_CONVERSION = YES;
				CLANG_WARN_OBJC_IMPLICIT_RETAIN_SELF = YES;
				CLANG_WARN_OBJC_LITERAL_CONVERSION = YES;
				CLANG_WARN_OBJC_ROOT_CLASS = YES_ERROR;
				CLANG_WARN_QUOTED_INCLUDE_IN_FRAMEWORK_HEADER = YES;
				CLANG_WARN_RANGE_LOOP_ANALYSIS = YES;
				CLANG_WARN_STRICT_PROTOTYPES = YES;
				CLANG_WARN_SUSPICIOUS_MOVE = YES;
				CLANG_WARN_UNGUARDED_AVAILABILITY = YES_AGGRESSIVE;
				CLANG_WARN_UNREACHABLE_CODE = YES;
				CLANG_WARN__DUPLICATE_METHOD_MATCH = YES;
				COPY_PHASE_STRIP = NO;
				DEBUG_INFORMATION_FORMAT = dwarf;
				ENABLE_STRICT_OBJC_MSGSEND = YES;
				ENABLE_TESTABILITY = YES;
				GCC_C_LANGUAGE_STANDARD = gnu11;
				GCC_DYNAMIC_NO_PIC = NO;
				GCC_NO_COMMON_BLOCKS = YES;
				GCC_OPTIMIZATION_LEVEL = 0;
				GCC_PREPROCESSOR_DEFINITIONS = (
					"DEBUG=1",
					"$(inherited)",
				);
				GCC_WARN_64_TO_32_BIT_CONVERSION = YES;
				GCC_WARN_ABOUT_RETURN_TYPE = YES_ERROR;
				GCC_WARN_UNDECLARED_SELECTOR = YES;
				GCC_WARN_UNINITIALIZED_AUTOS = YES_AGGRESSIVE;
				GCC_WARN_UNUSED_FUNCTION = YES;
				GCC_WARN_UNUSED_VARIABLE = YES;
				IPHONEOS_DEPLOYMENT_TARGET = 16.1;
				MTL_ENABLE_DEBUG_INFO = INCLUDE_SOURCE;
				MTL_FAST_MATH = YES;
				ONLY_ACTIVE_ARCH = YES;
				SDKROOT = iphoneos;
				SWIFT_ACTIVE_COMPILATION_CONDITIONS = DEBUG;
				SWIFT_OPTIMIZATION_LEVEL = "-Onone";
			};
			name = Debug;
		};
		D363D62329300AEE000DA0DD /* Release */ = {
			isa = XCBuildConfiguration;
			buildSettings = {
				ALWAYS_SEARCH_USER_PATHS = NO;
				CLANG_ANALYZER_NONNULL = YES;
				CLANG_ANALYZER_NUMBER_OBJECT_CONVERSION = YES_AGGRESSIVE;
				CLANG_CXX_LANGUAGE_STANDARD = "gnu++20";
				CLANG_ENABLE_MODULES = YES;
				CLANG_ENABLE_OBJC_ARC = YES;
				CLANG_ENABLE_OBJC_WEAK = YES;
				CLANG_WARN_BLOCK_CAPTURE_AUTORELEASING = YES;
				CLANG_WARN_BOOL_CONVERSION = YES;
				CLANG_WARN_COMMA = YES;
				CLANG_WARN_CONSTANT_CONVERSION = YES;
				CLANG_WARN_DEPRECATED_OBJC_IMPLEMENTATIONS = YES;
				CLANG_WARN_DIRECT_OBJC_ISA_USAGE = YES_ERROR;
				CLANG_WARN_DOCUMENTATION_COMMENTS = YES;
				CLANG_WARN_EMPTY_BODY = YES;
				CLANG_WARN_ENUM_CONVERSION = YES;
				CLANG_WARN_INFINITE_RECURSION = YES;
				CLANG_WARN_INT_CONVERSION = YES;
				CLANG_WARN_NON_LITERAL_NULL_CONVERSION = YES;
				CLANG_WARN_OBJC_IMPLICIT_RETAIN_SELF = YES;
				CLANG_WARN_OBJC_LITERAL_CONVERSION = YES;
				CLANG_WARN_OBJC_ROOT_CLASS = YES_ERROR;
				CLANG_WARN_QUOTED_INCLUDE_IN_FRAMEWORK_HEADER = YES;
				CLANG_WARN_RANGE_LOOP_ANALYSIS = YES;
				CLANG_WARN_STRICT_PROTOTYPES = YES;
				CLANG_WARN_SUSPICIOUS_MOVE = YES;
				CLANG_WARN_UNGUARDED_AVAILABILITY = YES_AGGRESSIVE;
				CLANG_WARN_UNREACHABLE_CODE = YES;
				CLANG_WARN__DUPLICATE_METHOD_MATCH = YES;
				COPY_PHASE_STRIP = NO;
				DEBUG_INFORMATION_FORMAT = "dwarf-with-dsym";
				ENABLE_NS_ASSERTIONS = NO;
				ENABLE_STRICT_OBJC_MSGSEND = YES;
				GCC_C_LANGUAGE_STANDARD = gnu11;
				GCC_NO_COMMON_BLOCKS = YES;
				GCC_WARN_64_TO_32_BIT_CONVERSION = YES;
				GCC_WARN_ABOUT_RETURN_TYPE = YES_ERROR;
				GCC_WARN_UNDECLARED_SELECTOR = YES;
				GCC_WARN_UNINITIALIZED_AUTOS = YES_AGGRESSIVE;
				GCC_WARN_UNUSED_FUNCTION = YES;
				GCC_WARN_UNUSED_VARIABLE = YES;
				IPHONEOS_DEPLOYMENT_TARGET = 16.1;
				MTL_ENABLE_DEBUG_INFO = NO;
				MTL_FAST_MATH = YES;
				SDKROOT = iphoneos;
				SWIFT_COMPILATION_MODE = wholemodule;
				SWIFT_OPTIMIZATION_LEVEL = "-O";
				VALIDATE_PRODUCT = YES;
			};
			name = Release;
		};
		D363D62529300AEE000DA0DD /* Debug */ = {
			isa = XCBuildConfiguration;
			buildSettings = {
				ASSETCATALOG_COMPILER_APPICON_NAME = AppIcon;
				ASSETCATALOG_COMPILER_GLOBAL_ACCENT_COLOR_NAME = AccentColor;
				CODE_SIGN_STYLE = Automatic;
				CURRENT_PROJECT_VERSION = 1;
				DEVELOPMENT_ASSET_PATHS = "\"Final module 2/Preview Content\"";
				DEVELOPMENT_TEAM = 3D5S97QVUW;
				ENABLE_PREVIEWS = YES;
				GENERATE_INFOPLIST_FILE = YES;
				INFOPLIST_KEY_UIApplicationSceneManifest_Generation = YES;
				INFOPLIST_KEY_UIApplicationSupportsIndirectInputEvents = YES;
				INFOPLIST_KEY_UILaunchScreen_Generation = YES;
				INFOPLIST_KEY_UISupportedInterfaceOrientations_iPad = "UIInterfaceOrientationPortrait UIInterfaceOrientationPortraitUpsideDown UIInterfaceOrientationLandscapeLeft UIInterfaceOrientationLandscapeRight";
				INFOPLIST_KEY_UISupportedInterfaceOrientations_iPhone = "UIInterfaceOrientationPortrait UIInterfaceOrientationLandscapeLeft UIInterfaceOrientationLandscapeRight";
				LD_RUNPATH_SEARCH_PATHS = (
					"$(inherited)",
					"@executable_path/Frameworks",
				);
				MARKETING_VERSION = 1.0;
				PRODUCT_BUNDLE_IDENTIFIER = "Overflow-studio.Final-module-2";
				PRODUCT_NAME = "$(TARGET_NAME)";
				SWIFT_EMIT_LOC_STRINGS = YES;
				SWIFT_VERSION = 5.0;
				TARGETED_DEVICE_FAMILY = "1,2";
			};
			name = Debug;
		};
		D363D62629300AEE000DA0DD /* Release */ = {
			isa = XCBuildConfiguration;
			buildSettings = {
				ASSETCATALOG_COMPILER_APPICON_NAME = AppIcon;
				ASSETCATALOG_COMPILER_GLOBAL_ACCENT_COLOR_NAME = AccentColor;
				CODE_SIGN_STYLE = Automatic;
				CURRENT_PROJECT_VERSION = 1;
				DEVELOPMENT_ASSET_PATHS = "\"Final module 2/Preview Content\"";
				DEVELOPMENT_TEAM = 3D5S97QVUW;
				ENABLE_PREVIEWS = YES;
				GENERATE_INFOPLIST_FILE = YES;
				INFOPLIST_KEY_UIApplicationSceneManifest_Generation = YES;
				INFOPLIST_KEY_UIApplicationSupportsIndirectInputEvents = YES;
				INFOPLIST_KEY_UILaunchScreen_Generation = YES;
				INFOPLIST_KEY_UISupportedInterfaceOrientations_iPad = "UIInterfaceOrientationPortrait UIInterfaceOrientationPortraitUpsideDown UIInterfaceOrientationLandscapeLeft UIInterfaceOrientationLandscapeRight";
				INFOPLIST_KEY_UISupportedInterfaceOrientations_iPhone = "UIInterfaceOrientationPortrait UIInterfaceOrientationLandscapeLeft UIInterfaceOrientationLandscapeRight";
				LD_RUNPATH_SEARCH_PATHS = (
					"$(inherited)",
					"@executable_path/Frameworks",
				);
				MARKETING_VERSION = 1.0;
				PRODUCT_BUNDLE_IDENTIFIER = "Overflow-studio.Final-module-2";
				PRODUCT_NAME = "$(TARGET_NAME)";
				SWIFT_EMIT_LOC_STRINGS = YES;
				SWIFT_VERSION = 5.0;
				TARGETED_DEVICE_FAMILY = "1,2";
			};
			name = Release;
		};
/* End XCBuildConfiguration section */

/* Begin XCConfigurationList section */
		D363D61129300AED000DA0DD /* Build configuration list for PBXProject "Final module 2" */ = {
			isa = XCConfigurationList;
			buildConfigurations = (
				D363D62229300AEE000DA0DD /* Debug */,
				D363D62329300AEE000DA0DD /* Release */,
			);
			defaultConfigurationIsVisible = 0;
			defaultConfigurationName = Release;
		};
		D363D62429300AEE000DA0DD /* Build configuration list for PBXNativeTarget "Final module 2" */ = {
			isa = XCConfigurationList;
			buildConfigurations = (
				D363D62529300AEE000DA0DD /* Debug */,
				D363D62629300AEE000DA0DD /* Release */,
			);
			defaultConfigurationIsVisible = 0;
			defaultConfigurationName = Release;
		};
/* End XCConfigurationList section */
	};
	rootObject = D363D60E29300AED000DA0DD /* Project object */;
}
